
<<<<<<< HEAD
Microsoft Visual Studio Solution File, Format Version 12.00
# Visual Studio 2017
Project("{FAE04EC0-301F-11D3-BF4B-00C04F79EFBC}") = "3DAirHockey", "3DAirHockey.csproj", "{75EBC540-73F7-4AC7-ECC0-214F2C047ACF}"
=======
Microsoft Visual Studio Solution File, Format Version 11.00
# Visual Studio 2010
Project("{FAE04EC0-301F-11D3-BF4B-00C04F79EFBC}") = "3DAirHockey", "Assembly-CSharp.csproj", "{6B35302F-ACC7-1E45-63FA-A993E960FA34}"
>>>>>>> ba01a158f80536060690d103e9994634afe1b69a
EndProject
Project("{FAE04EC0-301F-11D3-BF4B-00C04F79EFBC}") = "3DAirHockey.Editor", "3DAirHockey.Editor.csproj", "{68776DF8-E387-D350-F805-EFC1D81A58EA}"
EndProject
Global
	GlobalSection(SolutionConfigurationPlatforms) = preSolution
		Debug|Any CPU = Debug|Any CPU
		Release|Any CPU = Release|Any CPU
	EndGlobalSection
	GlobalSection(ProjectConfigurationPlatforms) = postSolution
		{75EBC540-73F7-4AC7-ECC0-214F2C047ACF}.Debug|Any CPU.ActiveCfg = Debug|Any CPU
		{75EBC540-73F7-4AC7-ECC0-214F2C047ACF}.Debug|Any CPU.Build.0 = Debug|Any CPU
		{75EBC540-73F7-4AC7-ECC0-214F2C047ACF}.Release|Any CPU.ActiveCfg = Release|Any CPU
		{75EBC540-73F7-4AC7-ECC0-214F2C047ACF}.Release|Any CPU.Build.0 = Release|Any CPU
		{68776DF8-E387-D350-F805-EFC1D81A58EA}.Debug|Any CPU.ActiveCfg = Debug|Any CPU
		{68776DF8-E387-D350-F805-EFC1D81A58EA}.Debug|Any CPU.Build.0 = Debug|Any CPU
		{68776DF8-E387-D350-F805-EFC1D81A58EA}.Release|Any CPU.ActiveCfg = Release|Any CPU
		{68776DF8-E387-D350-F805-EFC1D81A58EA}.Release|Any CPU.Build.0 = Release|Any CPU
	EndGlobalSection
	GlobalSection(SolutionProperties) = preSolution
		HideSolutionNode = FALSE
	EndGlobalSection
	GlobalSection(MonoDevelopProperties) = preSolution
		StartupItem = Assembly-CSharp.csproj
	EndGlobalSection
EndGlobal
