<<<<<<< HEAD
﻿
Microsoft Visual Studio Solution File, Format Version 11.00
# Visual Studio 2010
Project("{FAE04EC0-301F-11D3-BF4B-00C04F79EFBC}") = "3DAirHockey", "Assembly-CSharp.csproj", "{6B35302F-ACC7-1E45-63FA-A993E960FA34}"
EndProject
Global
	GlobalSection(SolutionConfigurationPlatforms) = preSolution
		Debug|Any CPU = Debug|Any CPU
		Release|Any CPU = Release|Any CPU
	EndGlobalSection
	GlobalSection(ProjectConfigurationPlatforms) = postSolution
		{6B35302F-ACC7-1E45-63FA-A993E960FA34}.Debug|Any CPU.ActiveCfg = Debug|Any CPU
		{6B35302F-ACC7-1E45-63FA-A993E960FA34}.Debug|Any CPU.Build.0 = Debug|Any CPU
		{6B35302F-ACC7-1E45-63FA-A993E960FA34}.Release|Any CPU.ActiveCfg = Release|Any CPU
		{6B35302F-ACC7-1E45-63FA-A993E960FA34}.Release|Any CPU.Build.0 = Release|Any CPU
	EndGlobalSection
	GlobalSection(SolutionProperties) = preSolution
		HideSolutionNode = FALSE
	EndGlobalSection
	GlobalSection(MonoDevelopProperties) = preSolution
		StartupItem = Assembly-CSharp.csproj
	EndGlobalSection
EndGlobal
=======
﻿
Microsoft Visual Studio Solution File, Format Version 11.00
# Visual Studio 2010
Project("{FAE04EC0-301F-11D3-BF4B-00C04F79EFBC}") = "3DAirHockey", "Assembly-CSharp.csproj", "{6B35302F-ACC7-1E45-63FA-A993E960FA34}"
EndProject
Global
	GlobalSection(SolutionConfigurationPlatforms) = preSolution
		Debug|Any CPU = Debug|Any CPU
		Release|Any CPU = Release|Any CPU
	EndGlobalSection
	GlobalSection(ProjectConfigurationPlatforms) = postSolution
		{6B35302F-ACC7-1E45-63FA-A993E960FA34}.Debug|Any CPU.ActiveCfg = Debug|Any CPU
		{6B35302F-ACC7-1E45-63FA-A993E960FA34}.Debug|Any CPU.Build.0 = Debug|Any CPU
		{6B35302F-ACC7-1E45-63FA-A993E960FA34}.Release|Any CPU.ActiveCfg = Release|Any CPU
		{6B35302F-ACC7-1E45-63FA-A993E960FA34}.Release|Any CPU.Build.0 = Release|Any CPU
	EndGlobalSection
	GlobalSection(SolutionProperties) = preSolution
		HideSolutionNode = FALSE
	EndGlobalSection
	GlobalSection(MonoDevelopProperties) = preSolution
		StartupItem = Assembly-CSharp.csproj
	EndGlobalSection
EndGlobal
>>>>>>> 2510401774974ebc3a0d72842567cf4957bce5f7
